
Microsoft Visual Studio Solution File, Format Version 12.00
# Visual Studio for Mac
Project("{FAE04EC0-301F-11D3-BF4B-00C04F79EFBC}") = "3D Asteroids", "Assembly-CSharp.csproj", "{B40DCB06-F1C0-EAA9-1ACA-3D8C1F445FA0}"
EndProject
Global
	GlobalSection(SolutionConfigurationPlatforms) = preSolution
		Debug|Any CPU = Debug|Any CPU
		Release|Any CPU = Release|Any CPU
	EndGlobalSection
	GlobalSection(ProjectConfigurationPlatforms) = postSolution
		{B40DCB06-F1C0-EAA9-1ACA-3D8C1F445FA0}.Debug|Any CPU.ActiveCfg = Debug|Any CPU
		{B40DCB06-F1C0-EAA9-1ACA-3D8C1F445FA0}.Debug|Any CPU.Build.0 = Debug|Any CPU
		{B40DCB06-F1C0-EAA9-1ACA-3D8C1F445FA0}.Release|Any CPU.ActiveCfg = Release|Any CPU
		{B40DCB06-F1C0-EAA9-1ACA-3D8C1F445FA0}.Release|Any CPU.Build.0 = Release|Any CPU
	EndGlobalSection
	GlobalSection(SolutionProperties) = preSolution
		HideSolutionNode = FALSE
	EndGlobalSection
EndGlobal
